PODS:
  - AFNetworking (3.2.1):
    - AFNetworking/NSURLSession (= 3.2.1)
    - AFNetworking/Reachability (= 3.2.1)
    - AFNetworking/Security (= 3.2.1)
    - AFNetworking/Serialization (= 3.2.1)
    - AFNetworking/UIKit (= 3.2.1)
  - AFNetworking/NSURLSession (3.2.1):
    - AFNetworking/Reachability
    - AFNetworking/Security
    - AFNetworking/Serialization
  - AFNetworking/Reachability (3.2.1)
  - AFNetworking/Security (3.2.1)
  - AFNetworking/Serialization (3.2.1)
  - AFNetworking/UIKit (3.2.1):
    - AFNetworking/NSURLSession
  - CHTCollectionViewWaterfallLayout (0.9.7):
    - CHTCollectionViewWaterfallLayout/ObjC (= 0.9.7)
  - CHTCollectionViewWaterfallLayout/ObjC (0.9.7)
  - JSONModel (1.8.0)
  - TYPagerController (2.1.2)
  - ZFPlayer (3.2.10):
    - ZFPlayer/Core (= 3.2.10)
  - ZFPlayer/Core (3.2.10)

DEPENDENCIES:
  - AFNetworking (~> 3.0)
  - CHTCollectionViewWaterfallLayout
  - JSONModel
  - TYPagerController
  - ZFPlayer (~> 3.0)

SPEC REPOS:
  https://github.com/cocoapods/specs.git:
    - AFNetworking
    - CHTCollectionViewWaterfallLayout
    - JSONModel
    - TYPagerController
    - ZFPlayer

SPEC CHECKSUMS:
  AFNetworking: b6f891fdfaed196b46c7a83cf209e09697b94057
  CHTCollectionViewWaterfallLayout: 9d11068fafecac106695bb5a5d6d0f738483b598
  JSONModel: 02ab723958366a3fd27da57ea2af2113658762e9
  TYPagerController: 262556ecef99986d26ed77fb1288a198ed42f4af
  ZFPlayer: a51c6ffebaf06b91d373091bb4a62ee188cfc7de

PODFILE CHECKSUM: bdc0b074453cb80f55eef7e9fcbbfe7150e556cb

COCOAPODS: 1.6.1
